
Microsoft Visual Studio Solution File, Format Version 12.00
# Visual Studio 2013
VisualStudioVersion = 12.0.31101.0
MinimumVisualStudioVersion = 10.0.40219.1
Project("{FAE04EC0-301F-11D3-BF4B-00C04F79EFBC}") = "MsSqlQuery", "MsSqlQuery\MsSqlQuery.csproj", "{7F3677A0-18FA-40F6-AE09-A325246B9CBF}"
EndProject
Project("{FAE04EC0-301F-11D3-BF4B-00C04F79EFBC}") = "MsSqlQuery.Integration.Test", "MsSqlQuery.Integration.Test\MsSqlQuery.Integration.Test.csproj", "{05101FD1-8FB7-4ADF-B39E-476D8F3E35A4}"
EndProject
Global
	GlobalSection(SolutionConfigurationPlatforms) = preSolution
		Debug|Any CPU = Debug|Any CPU
		Release|Any CPU = Release|Any CPU
	EndGlobalSection
	GlobalSection(ProjectConfigurationPlatforms) = postSolution
		{7F3677A0-18FA-40F6-AE09-A325246B9CBF}.Debug|Any CPU.ActiveCfg = Debug|Any CPU
		{7F3677A0-18FA-40F6-AE09-A325246B9CBF}.Debug|Any CPU.Build.0 = Debug|Any CPU
		{7F3677A0-18FA-40F6-AE09-A325246B9CBF}.Release|Any CPU.ActiveCfg = Release|Any CPU
		{7F3677A0-18FA-40F6-AE09-A325246B9CBF}.Release|Any CPU.Build.0 = Release|Any CPU
		{05101FD1-8FB7-4ADF-B39E-476D8F3E35A4}.Debug|Any CPU.ActiveCfg = Debug|Any CPU
		{05101FD1-8FB7-4ADF-B39E-476D8F3E35A4}.Debug|Any CPU.Build.0 = Debug|Any CPU
		{05101FD1-8FB7-4ADF-B39E-476D8F3E35A4}.Release|Any CPU.ActiveCfg = Release|Any CPU
		{05101FD1-8FB7-4ADF-B39E-476D8F3E35A4}.Release|Any CPU.Build.0 = Release|Any CPU
	EndGlobalSection
	GlobalSection(SolutionProperties) = preSolution
		HideSolutionNode = FALSE
	EndGlobalSection
EndGlobal
